
Microsoft Visual Studio Solution File, Format Version 12.00
# Visual Studio 15
VisualStudioVersion = 15.0.27428.2011
MinimumVisualStudioVersion = 10.0.40219.1
Project("{FAE04EC0-301F-11D3-BF4B-00C04F79EFBC}") = "Part11-Creating Views To insert data", "Part11-Creating Views To insert data\Part11-Creating Views To insert data.csproj", "{74B4E897-044F-4F66-81E9-C3A9939A71FE}"
EndProject
Global
	GlobalSection(SolutionConfigurationPlatforms) = preSolution
		Debug|Any CPU = Debug|Any CPU
		Release|Any CPU = Release|Any CPU
	EndGlobalSection
	GlobalSection(ProjectConfigurationPlatforms) = postSolution
		{74B4E897-044F-4F66-81E9-C3A9939A71FE}.Debug|Any CPU.ActiveCfg = Debug|Any CPU
		{74B4E897-044F-4F66-81E9-C3A9939A71FE}.Debug|Any CPU.Build.0 = Debug|Any CPU
		{74B4E897-044F-4F66-81E9-C3A9939A71FE}.Release|Any CPU.ActiveCfg = Release|Any CPU
		{74B4E897-044F-4F66-81E9-C3A9939A71FE}.Release|Any CPU.Build.0 = Release|Any CPU
	EndGlobalSection
	GlobalSection(SolutionProperties) = preSolution
		HideSolutionNode = FALSE
	EndGlobalSection
	GlobalSection(ExtensibilityGlobals) = postSolution
		SolutionGuid = {2C006555-7D11-41A6-A5DA-17E4A5BB4972}
	EndGlobalSection
EndGlobal
